
Microsoft Visual Studio Solution File, Format Version 11.00
# Visual Studio 2010
Project("{8BC9CEB8-8B4A-11D0-8D11-00A0C91BC942}") = "PhotoViewer", "PhotoViewer\PhotoViewer.vcxproj", "{3733AD0E-2637-4C94-80DE-AF51CB7C4512}"
EndProject
Global
	GlobalSection(SolutionConfigurationPlatforms) = preSolution
		Debug|Win32 = Debug|Win32
		Release|Win32 = Release|Win32
	EndGlobalSection
	GlobalSection(ProjectConfigurationPlatforms) = postSolution
		{3733AD0E-2637-4C94-80DE-AF51CB7C4512}.Debug|Win32.ActiveCfg = Debug|Win32
		{3733AD0E-2637-4C94-80DE-AF51CB7C4512}.Debug|Win32.Build.0 = Debug|Win32
		{3733AD0E-2637-4C94-80DE-AF51CB7C4512}.Release|Win32.ActiveCfg = Release|Win32
		{3733AD0E-2637-4C94-80DE-AF51CB7C4512}.Release|Win32.Build.0 = Release|Win32
	EndGlobalSection
	GlobalSection(SolutionProperties) = preSolution
		HideSolutionNode = FALSE
	EndGlobalSection
EndGlobal
